// !$*UTF8*$!
{
	archiveVersion = 1;
	classes = {
	};
	objectVersion = 56;
	objects = {

/* Begin PBXBuildFile section */
		0C1FE1312A8D099F005F5842 /* TopTabView.swift in Sources */ = {isa = PBXBuildFile; fileRef = 0C1FE1302A8D099F005F5842 /* TopTabView.swift */; };
		0C1FE1332A8D0F7E005F5842 /* CalendarView.swift in Sources */ = {isa = PBXBuildFile; fileRef = 0C1FE1322A8D0F7E005F5842 /* CalendarView.swift */; };
		0C2E1B362AB47A83001515DE /* GoalAdd.swift in Sources */ = {isa = PBXBuildFile; fileRef = 0C2E1B352AB47A83001515DE /* GoalAdd.swift */; };
		0C3719562A9A02DD00D777A0 /* CalendarWeeklyView.swift in Sources */ = {isa = PBXBuildFile; fileRef = 0C3719552A9A02DD00D777A0 /* CalendarWeeklyView.swift */; };
		0C50163E2AD131B100FEF2B5 /* CalendatMonthly.swift in Sources */ = {isa = PBXBuildFile; fileRef = 0C50163D2AD131B100FEF2B5 /* CalendatMonthly.swift */; };
		0C5016402AD147F000FEF2B5 /* MonthSelector.swift in Sources */ = {isa = PBXBuildFile; fileRef = 0C50163F2AD147F000FEF2B5 /* MonthSelector.swift */; };
		0C53B2002AD3E878000BF91D /* CalendarScheduleList.swift in Sources */ = {isa = PBXBuildFile; fileRef = 0C53B1FF2AD3E878000BF91D /* CalendarScheduleList.swift */; };
		0C74ED202AA3553300957167 /* README.md in Resources */ = {isa = PBXBuildFile; fileRef = 0C74ED1F2AA3553300957167 /* README.md */; };
		0C8501B62A8F68140063DE70 /* CalendarDailyView.swift in Sources */ = {isa = PBXBuildFile; fileRef = 0C8501B52A8F68140063DE70 /* CalendarDailyView.swift */; };
		0CA4BDFA2ABDF97800AFEB04 /* CustomBackGround.swift in Sources */ = {isa = PBXBuildFile; fileRef = 0CA4BDF92ABDF97800AFEB04 /* CustomBackGround.swift */; };
		0CA4BDFD2ABE83E300AFEB04 /* SubGoalDetail.swift in Sources */ = {isa = PBXBuildFile; fileRef = 0CA4BDFC2ABE83E300AFEB04 /* SubGoalDetail.swift */; };
		0CA4BE002ABE844600AFEB04 /* DateProgress.swift in Sources */ = {isa = PBXBuildFile; fileRef = 0CA4BDFF2ABE844600AFEB04 /* DateProgress.swift */; };
		0CA4BE022ABEB4A200AFEB04 /* AddSchedule.swift in Sources */ = {isa = PBXBuildFile; fileRef = 0CA4BE012ABEB4A200AFEB04 /* AddSchedule.swift */; };
		0CA4BE042ABF2D9C00AFEB04 /* GoalScheduleList.swift in Sources */ = {isa = PBXBuildFile; fileRef = 0CA4BE032ABF2D9C00AFEB04 /* GoalScheduleList.swift */; };
		0CDAA0A42AAC063000456A5A /* Models.swift in Sources */ = {isa = PBXBuildFile; fileRef = 0CDAA0A32AAC063000456A5A /* Models.swift */; };
		0CDAA0A72AAC361A00456A5A /* GoalDetail.swift in Sources */ = {isa = PBXBuildFile; fileRef = 0CDAA0A62AAC361A00456A5A /* GoalDetail.swift */; };
		0CDAA0A92AACDF5B00456A5A /* GoalTimeline.swift in Sources */ = {isa = PBXBuildFile; fileRef = 0CDAA0A82AACDF5B00456A5A /* GoalTimeline.swift */; };
		0CDAACFB2A8A56B700520D8A /* imonitApp.swift in Sources */ = {isa = PBXBuildFile; fileRef = 0CDAACFA2A8A56B700520D8A /* imonitApp.swift */; };
		0CDAACFD2A8A56B700520D8A /* ContentView.swift in Sources */ = {isa = PBXBuildFile; fileRef = 0CDAACFC2A8A56B700520D8A /* ContentView.swift */; };
		0CDAACFF2A8A56B900520D8A /* Assets.xcassets in Resources */ = {isa = PBXBuildFile; fileRef = 0CDAACFE2A8A56B900520D8A /* Assets.xcassets */; };
		0CDAAD032A8A56B900520D8A /* Preview Assets.xcassets in Resources */ = {isa = PBXBuildFile; fileRef = 0CDAAD022A8A56B900520D8A /* Preview Assets.xcassets */; };
		0CDAAD0D2A8A56B900520D8A /* imonitTests.swift in Sources */ = {isa = PBXBuildFile; fileRef = 0CDAAD0C2A8A56B900520D8A /* imonitTests.swift */; };
		0CDAAD172A8A56B900520D8A /* imonitUITests.swift in Sources */ = {isa = PBXBuildFile; fileRef = 0CDAAD162A8A56B900520D8A /* imonitUITests.swift */; };
		0CDAAD192A8A56B900520D8A /* imonitUITestsLaunchTests.swift in Sources */ = {isa = PBXBuildFile; fileRef = 0CDAAD182A8A56B900520D8A /* imonitUITestsLaunchTests.swift */; };
		0CDAAD282A8BA3E600520D8A /* GoalList.swift in Sources */ = {isa = PBXBuildFile; fileRef = 0CDAAD272A8BA3E600520D8A /* GoalList.swift */; };
		0CDAAD2A2A8BA56E00520D8A /* SampleData.swift in Sources */ = {isa = PBXBuildFile; fileRef = 0CDAAD292A8BA56E00520D8A /* SampleData.swift */; };
		0CEED44B2A93BA29007FFA50 /* Extension.swift in Sources */ = {isa = PBXBuildFile; fileRef = 0CEED44A2A93BA29007FFA50 /* Extension.swift */; };
/* End PBXBuildFile section */

/* Begin PBXContainerItemProxy section */
		0CDAAD092A8A56B900520D8A /* PBXContainerItemProxy */ = {
			isa = PBXContainerItemProxy;
			containerPortal = 0CDAACEF2A8A56B600520D8A /* Project object */;
			proxyType = 1;
			remoteGlobalIDString = 0CDAACF62A8A56B600520D8A;
			remoteInfo = imonit;
		};
		0CDAAD132A8A56B900520D8A /* PBXContainerItemProxy */ = {
			isa = PBXContainerItemProxy;
			containerPortal = 0CDAACEF2A8A56B600520D8A /* Project object */;
			proxyType = 1;
			remoteGlobalIDString = 0CDAACF62A8A56B600520D8A;
			remoteInfo = imonit;
		};
/* End PBXContainerItemProxy section */

/* Begin PBXFileReference section */
		0C1FE1302A8D099F005F5842 /* TopTabView.swift */ = {isa = PBXFileReference; lastKnownFileType = sourcecode.swift; path = TopTabView.swift; sourceTree = "<group>"; };
		0C1FE1322A8D0F7E005F5842 /* CalendarView.swift */ = {isa = PBXFileReference; lastKnownFileType = sourcecode.swift; path = CalendarView.swift; sourceTree = "<group>"; };
		0C2E1B352AB47A83001515DE /* GoalAdd.swift */ = {isa = PBXFileReference; lastKnownFileType = sourcecode.swift; path = GoalAdd.swift; sourceTree = "<group>"; };
		0C3719552A9A02DD00D777A0 /* CalendarWeeklyView.swift */ = {isa = PBXFileReference; lastKnownFileType = sourcecode.swift; path = CalendarWeeklyView.swift; sourceTree = "<group>"; };
		0C50163D2AD131B100FEF2B5 /* CalendatMonthly.swift */ = {isa = PBXFileReference; lastKnownFileType = sourcecode.swift; path = CalendatMonthly.swift; sourceTree = "<group>"; };
		0C50163F2AD147F000FEF2B5 /* MonthSelector.swift */ = {isa = PBXFileReference; lastKnownFileType = sourcecode.swift; path = MonthSelector.swift; sourceTree = "<group>"; };
		0C53B1FF2AD3E878000BF91D /* CalendarScheduleList.swift */ = {isa = PBXFileReference; lastKnownFileType = sourcecode.swift; path = CalendarScheduleList.swift; sourceTree = "<group>"; };
		0C74ED1F2AA3553300957167 /* README.md */ = {isa = PBXFileReference; lastKnownFileType = net.daringfireball.markdown; path = README.md; sourceTree = "<group>"; };
		0C8501B52A8F68140063DE70 /* CalendarDailyView.swift */ = {isa = PBXFileReference; lastKnownFileType = sourcecode.swift; path = CalendarDailyView.swift; sourceTree = "<group>"; };
		0CA4BDF92ABDF97800AFEB04 /* CustomBackGround.swift */ = {isa = PBXFileReference; lastKnownFileType = sourcecode.swift; path = CustomBackGround.swift; sourceTree = "<group>"; };
		0CA4BDFC2ABE83E300AFEB04 /* SubGoalDetail.swift */ = {isa = PBXFileReference; lastKnownFileType = sourcecode.swift; path = SubGoalDetail.swift; sourceTree = "<group>"; };
		0CA4BDFF2ABE844600AFEB04 /* DateProgress.swift */ = {isa = PBXFileReference; lastKnownFileType = sourcecode.swift; path = DateProgress.swift; sourceTree = "<group>"; };
		0CA4BE012ABEB4A200AFEB04 /* AddSchedule.swift */ = {isa = PBXFileReference; lastKnownFileType = sourcecode.swift; path = AddSchedule.swift; sourceTree = "<group>"; };
		0CA4BE032ABF2D9C00AFEB04 /* GoalScheduleList.swift */ = {isa = PBXFileReference; lastKnownFileType = sourcecode.swift; path = GoalScheduleList.swift; sourceTree = "<group>"; };
		0CDAA0A32AAC063000456A5A /* Models.swift */ = {isa = PBXFileReference; lastKnownFileType = sourcecode.swift; path = Models.swift; sourceTree = "<group>"; };
		0CDAA0A62AAC361A00456A5A /* GoalDetail.swift */ = {isa = PBXFileReference; lastKnownFileType = sourcecode.swift; path = GoalDetail.swift; sourceTree = "<group>"; };
		0CDAA0A82AACDF5B00456A5A /* GoalTimeline.swift */ = {isa = PBXFileReference; lastKnownFileType = sourcecode.swift; path = GoalTimeline.swift; sourceTree = "<group>"; };
		0CDAACF72A8A56B700520D8A /* imonit.app */ = {isa = PBXFileReference; explicitFileType = wrapper.application; includeInIndex = 0; path = imonit.app; sourceTree = BUILT_PRODUCTS_DIR; };
		0CDAACFA2A8A56B700520D8A /* imonitApp.swift */ = {isa = PBXFileReference; lastKnownFileType = sourcecode.swift; path = imonitApp.swift; sourceTree = "<group>"; };
		0CDAACFC2A8A56B700520D8A /* ContentView.swift */ = {isa = PBXFileReference; lastKnownFileType = sourcecode.swift; path = ContentView.swift; sourceTree = "<group>"; };
		0CDAACFE2A8A56B900520D8A /* Assets.xcassets */ = {isa = PBXFileReference; lastKnownFileType = folder.assetcatalog; path = Assets.xcassets; sourceTree = "<group>"; };
		0CDAAD002A8A56B900520D8A /* imonit.entitlements */ = {isa = PBXFileReference; lastKnownFileType = text.plist.entitlements; path = imonit.entitlements; sourceTree = "<group>"; };
		0CDAAD022A8A56B900520D8A /* Preview Assets.xcassets */ = {isa = PBXFileReference; lastKnownFileType = folder.assetcatalog; path = "Preview Assets.xcassets"; sourceTree = "<group>"; };
		0CDAAD082A8A56B900520D8A /* imonitTests.xctest */ = {isa = PBXFileReference; explicitFileType = wrapper.cfbundle; includeInIndex = 0; path = imonitTests.xctest; sourceTree = BUILT_PRODUCTS_DIR; };
		0CDAAD0C2A8A56B900520D8A /* imonitTests.swift */ = {isa = PBXFileReference; lastKnownFileType = sourcecode.swift; path = imonitTests.swift; sourceTree = "<group>"; };
		0CDAAD122A8A56B900520D8A /* imonitUITests.xctest */ = {isa = PBXFileReference; explicitFileType = wrapper.cfbundle; includeInIndex = 0; path = imonitUITests.xctest; sourceTree = BUILT_PRODUCTS_DIR; };
		0CDAAD162A8A56B900520D8A /* imonitUITests.swift */ = {isa = PBXFileReference; lastKnownFileType = sourcecode.swift; path = imonitUITests.swift; sourceTree = "<group>"; };
		0CDAAD182A8A56B900520D8A /* imonitUITestsLaunchTests.swift */ = {isa = PBXFileReference; lastKnownFileType = sourcecode.swift; path = imonitUITestsLaunchTests.swift; sourceTree = "<group>"; };
		0CDAAD272A8BA3E600520D8A /* GoalList.swift */ = {isa = PBXFileReference; lastKnownFileType = sourcecode.swift; path = GoalList.swift; sourceTree = "<group>"; };
		0CDAAD292A8BA56E00520D8A /* SampleData.swift */ = {isa = PBXFileReference; lastKnownFileType = sourcecode.swift; path = SampleData.swift; sourceTree = "<group>"; };
		0CEED44A2A93BA29007FFA50 /* Extension.swift */ = {isa = PBXFileReference; lastKnownFileType = sourcecode.swift; path = Extension.swift; sourceTree = "<group>"; };
/* End PBXFileReference section */

/* Begin PBXFrameworksBuildPhase section */
		0CDAACF42A8A56B600520D8A /* Frameworks */ = {
			isa = PBXFrameworksBuildPhase;
			buildActionMask = 2147483647;
			files = (
			);
			runOnlyForDeploymentPostprocessing = 0;
		};
		0CDAAD052A8A56B900520D8A /* Frameworks */ = {
			isa = PBXFrameworksBuildPhase;
			buildActionMask = 2147483647;
			files = (
			);
			runOnlyForDeploymentPostprocessing = 0;
		};
		0CDAAD0F2A8A56B900520D8A /* Frameworks */ = {
			isa = PBXFrameworksBuildPhase;
			buildActionMask = 2147483647;
			files = (
			);
			runOnlyForDeploymentPostprocessing = 0;
		};
/* End PBXFrameworksBuildPhase section */

/* Begin PBXGroup section */
		0C8501B42A8F67DD0063DE70 /* CalendarView */ = {
			isa = PBXGroup;
			children = (
				0C1FE1322A8D0F7E005F5842 /* CalendarView.swift */,
				0C50163D2AD131B100FEF2B5 /* CalendatMonthly.swift */,
				0C53B1FF2AD3E878000BF91D /* CalendarScheduleList.swift */,
				0C3719552A9A02DD00D777A0 /* CalendarWeeklyView.swift */,
				0C8501B52A8F68140063DE70 /* CalendarDailyView.swift */,
			);
			path = CalendarView;
			sourceTree = "<group>";
		};
		0CA4BDFB2ABE83B500AFEB04 /* GoalDetail */ = {
			isa = PBXGroup;
			children = (
				0CDAA0A62AAC361A00456A5A /* GoalDetail.swift */,
				0CA4BE032ABF2D9C00AFEB04 /* GoalScheduleList.swift */,
				0CA4BDFC2ABE83E300AFEB04 /* SubGoalDetail.swift */,
			);
			path = GoalDetail;
			sourceTree = "<group>";
		};
		0CA4BDFE2ABE842C00AFEB04 /* CommonView */ = {
			isa = PBXGroup;
			children = (
				0CA4BDFF2ABE844600AFEB04 /* DateProgress.swift */,
				0C50163F2AD147F000FEF2B5 /* MonthSelector.swift */,
				0CA4BE012ABEB4A200AFEB04 /* AddSchedule.swift */,
			);
			path = CommonView;
			sourceTree = "<group>";
		};
		0CDAA0A52AAC35F900456A5A /* GoalView */ = {
			isa = PBXGroup;
			children = (
				0CA4BDFB2ABE83B500AFEB04 /* GoalDetail */,
				0CDAAD272A8BA3E600520D8A /* GoalList.swift */,
				0C2E1B352AB47A83001515DE /* GoalAdd.swift */,
				0CDAA0A82AACDF5B00456A5A /* GoalTimeline.swift */,
			);
			path = GoalView;
			sourceTree = "<group>";
		};
		0CDAACEE2A8A56B600520D8A = {
			isa = PBXGroup;
			children = (
				0C74ED1F2AA3553300957167 /* README.md */,
				0CDAAD292A8BA56E00520D8A /* SampleData.swift */,
				0CDAACFC2A8A56B700520D8A /* ContentView.swift */,
				0CDAA0A32AAC063000456A5A /* Models.swift */,
				0CEED44A2A93BA29007FFA50 /* Extension.swift */,
				0CDAACF92A8A56B700520D8A /* imonit */,
				0CDAAD0B2A8A56B900520D8A /* imonitTests */,
				0CDAAD152A8A56B900520D8A /* imonitUITests */,
				0CDAACF82A8A56B700520D8A /* Products */,
			);
			sourceTree = "<group>";
		};
		0CDAACF82A8A56B700520D8A /* Products */ = {
			isa = PBXGroup;
			children = (
				0CDAACF72A8A56B700520D8A /* imonit.app */,
				0CDAAD082A8A56B900520D8A /* imonitTests.xctest */,
				0CDAAD122A8A56B900520D8A /* imonitUITests.xctest */,
			);
			name = Products;
			sourceTree = "<group>";
		};
		0CDAACF92A8A56B700520D8A /* imonit */ = {
			isa = PBXGroup;
			children = (
				0CDAACFA2A8A56B700520D8A /* imonitApp.swift */,
				0CA4BDF92ABDF97800AFEB04 /* CustomBackGround.swift */,
				0C1FE1302A8D099F005F5842 /* TopTabView.swift */,
				0CA4BDFE2ABE842C00AFEB04 /* CommonView */,
				0CDAA0A52AAC35F900456A5A /* GoalView */,
				0C8501B42A8F67DD0063DE70 /* CalendarView */,
				0CDAACFE2A8A56B900520D8A /* Assets.xcassets */,
				0CDAAD002A8A56B900520D8A /* imonit.entitlements */,
				0CDAAD012A8A56B900520D8A /* Preview Content */,
			);
			path = imonit;
			sourceTree = "<group>";
		};
		0CDAAD012A8A56B900520D8A /* Preview Content */ = {
			isa = PBXGroup;
			children = (
				0CDAAD022A8A56B900520D8A /* Preview Assets.xcassets */,
			);
			path = "Preview Content";
			sourceTree = "<group>";
		};
		0CDAAD0B2A8A56B900520D8A /* imonitTests */ = {
			isa = PBXGroup;
			children = (
				0CDAAD0C2A8A56B900520D8A /* imonitTests.swift */,
			);
			path = imonitTests;
			sourceTree = "<group>";
		};
		0CDAAD152A8A56B900520D8A /* imonitUITests */ = {
			isa = PBXGroup;
			children = (
				0CDAAD162A8A56B900520D8A /* imonitUITests.swift */,
				0CDAAD182A8A56B900520D8A /* imonitUITestsLaunchTests.swift */,
			);
			path = imonitUITests;
			sourceTree = "<group>";
		};
/* End PBXGroup section */

/* Begin PBXNativeTarget section */
		0CDAACF62A8A56B600520D8A /* imonit */ = {
			isa = PBXNativeTarget;
			buildConfigurationList = 0CDAAD1C2A8A56B900520D8A /* Build configuration list for PBXNativeTarget "imonit" */;
			buildPhases = (
				0CDAACF32A8A56B600520D8A /* Sources */,
				0CDAACF42A8A56B600520D8A /* Frameworks */,
				0CDAACF52A8A56B600520D8A /* Resources */,
			);
			buildRules = (
			);
			dependencies = (
			);
			name = imonit;
			productName = imonit;
			productReference = 0CDAACF72A8A56B700520D8A /* imonit.app */;
			productType = "com.apple.product-type.application";
		};
		0CDAAD072A8A56B900520D8A /* imonitTests */ = {
			isa = PBXNativeTarget;
			buildConfigurationList = 0CDAAD1F2A8A56B900520D8A /* Build configuration list for PBXNativeTarget "imonitTests" */;
			buildPhases = (
				0CDAAD042A8A56B900520D8A /* Sources */,
				0CDAAD052A8A56B900520D8A /* Frameworks */,
				0CDAAD062A8A56B900520D8A /* Resources */,
			);
			buildRules = (
			);
			dependencies = (
				0CDAAD0A2A8A56B900520D8A /* PBXTargetDependency */,
			);
			name = imonitTests;
			productName = imonitTests;
			productReference = 0CDAAD082A8A56B900520D8A /* imonitTests.xctest */;
			productType = "com.apple.product-type.bundle.unit-test";
		};
		0CDAAD112A8A56B900520D8A /* imonitUITests */ = {
			isa = PBXNativeTarget;
			buildConfigurationList = 0CDAAD222A8A56B900520D8A /* Build configuration list for PBXNativeTarget "imonitUITests" */;
			buildPhases = (
				0CDAAD0E2A8A56B900520D8A /* Sources */,
				0CDAAD0F2A8A56B900520D8A /* Frameworks */,
				0CDAAD102A8A56B900520D8A /* Resources */,
			);
			buildRules = (
			);
			dependencies = (
				0CDAAD142A8A56B900520D8A /* PBXTargetDependency */,
			);
			name = imonitUITests;
			productName = imonitUITests;
			productReference = 0CDAAD122A8A56B900520D8A /* imonitUITests.xctest */;
			productType = "com.apple.product-type.bundle.ui-testing";
		};
/* End PBXNativeTarget section */

/* Begin PBXProject section */
		0CDAACEF2A8A56B600520D8A /* Project object */ = {
			isa = PBXProject;
			attributes = {
				BuildIndependentTargetsInParallel = 1;
				LastSwiftUpdateCheck = 1500;
				LastUpgradeCheck = 1500;
				TargetAttributes = {
					0CDAACF62A8A56B600520D8A = {
						CreatedOnToolsVersion = 15.0;
					};
					0CDAAD072A8A56B900520D8A = {
						CreatedOnToolsVersion = 15.0;
						TestTargetID = 0CDAACF62A8A56B600520D8A;
					};
					0CDAAD112A8A56B900520D8A = {
						CreatedOnToolsVersion = 15.0;
						TestTargetID = 0CDAACF62A8A56B600520D8A;
					};
				};
			};
			buildConfigurationList = 0CDAACF22A8A56B600520D8A /* Build configuration list for PBXProject "imonit" */;
			compatibilityVersion = "Xcode 14.0";
			developmentRegion = en;
			hasScannedForEncodings = 0;
			knownRegions = (
				en,
				Base,
				ja,
			);
			mainGroup = 0CDAACEE2A8A56B600520D8A;
			productRefGroup = 0CDAACF82A8A56B700520D8A /* Products */;
			projectDirPath = "";
			projectRoot = "";
			targets = (
				0CDAACF62A8A56B600520D8A /* imonit */,
				0CDAAD072A8A56B900520D8A /* imonitTests */,
				0CDAAD112A8A56B900520D8A /* imonitUITests */,
			);
		};
/* End PBXProject section */

/* Begin PBXResourcesBuildPhase section */
		0CDAACF52A8A56B600520D8A /* Resources */ = {
			isa = PBXResourcesBuildPhase;
			buildActionMask = 2147483647;
			files = (
				0C74ED202AA3553300957167 /* README.md in Resources */,
				0CDAAD032A8A56B900520D8A /* Preview Assets.xcassets in Resources */,
				0CDAACFF2A8A56B900520D8A /* Assets.xcassets in Resources */,
			);
			runOnlyForDeploymentPostprocessing = 0;
		};
		0CDAAD062A8A56B900520D8A /* Resources */ = {
			isa = PBXResourcesBuildPhase;
			buildActionMask = 2147483647;
			files = (
			);
			runOnlyForDeploymentPostprocessing = 0;
		};
		0CDAAD102A8A56B900520D8A /* Resources */ = {
			isa = PBXResourcesBuildPhase;
			buildActionMask = 2147483647;
			files = (
			);
			runOnlyForDeploymentPostprocessing = 0;
		};
/* End PBXResourcesBuildPhase section */

/* Begin PBXSourcesBuildPhase section */
		0CDAACF32A8A56B600520D8A /* Sources */ = {
			isa = PBXSourcesBuildPhase;
			buildActionMask = 2147483647;
			files = (
				0CEED44B2A93BA29007FFA50 /* Extension.swift in Sources */,
				0C1FE1312A8D099F005F5842 /* TopTabView.swift in Sources */,
				0CDAA0A92AACDF5B00456A5A /* GoalTimeline.swift in Sources */,
				0CDAA0A42AAC063000456A5A /* Models.swift in Sources */,
				0CDAA0A72AAC361A00456A5A /* GoalDetail.swift in Sources */,
				0C53B2002AD3E878000BF91D /* CalendarScheduleList.swift in Sources */,
				0CDAACFD2A8A56B700520D8A /* ContentView.swift in Sources */,
				0CDAACFB2A8A56B700520D8A /* imonitApp.swift in Sources */,
				0CDAAD282A8BA3E600520D8A /* GoalList.swift in Sources */,
				0C8501B62A8F68140063DE70 /* CalendarDailyView.swift in Sources */,
				0C5016402AD147F000FEF2B5 /* MonthSelector.swift in Sources */,
				0CA4BE002ABE844600AFEB04 /* DateProgress.swift in Sources */,
				0C2E1B362AB47A83001515DE /* GoalAdd.swift in Sources */,
				0C1FE1332A8D0F7E005F5842 /* CalendarView.swift in Sources */,
				0CA4BDFA2ABDF97800AFEB04 /* CustomBackGround.swift in Sources */,
				0C3719562A9A02DD00D777A0 /* CalendarWeeklyView.swift in Sources */,
				0CA4BDFD2ABE83E300AFEB04 /* SubGoalDetail.swift in Sources */,
				0CA4BE022ABEB4A200AFEB04 /* AddSchedule.swift in Sources */,
				0CA4BE042ABF2D9C00AFEB04 /* GoalScheduleList.swift in Sources */,
				0CDAAD2A2A8BA56E00520D8A /* SampleData.swift in Sources */,
				0C50163E2AD131B100FEF2B5 /* CalendatMonthly.swift in Sources */,
			);
			runOnlyForDeploymentPostprocessing = 0;
		};
		0CDAAD042A8A56B900520D8A /* Sources */ = {
			isa = PBXSourcesBuildPhase;
			buildActionMask = 2147483647;
			files = (
				0CDAAD0D2A8A56B900520D8A /* imonitTests.swift in Sources */,
			);
			runOnlyForDeploymentPostprocessing = 0;
		};
		0CDAAD0E2A8A56B900520D8A /* Sources */ = {
			isa = PBXSourcesBuildPhase;
			buildActionMask = 2147483647;
			files = (
				0CDAAD192A8A56B900520D8A /* imonitUITestsLaunchTests.swift in Sources */,
				0CDAAD172A8A56B900520D8A /* imonitUITests.swift in Sources */,
			);
			runOnlyForDeploymentPostprocessing = 0;
		};
/* End PBXSourcesBuildPhase section */

/* Begin PBXTargetDependency section */
		0CDAAD0A2A8A56B900520D8A /* PBXTargetDependency */ = {
			isa = PBXTargetDependency;
			target = 0CDAACF62A8A56B600520D8A /* imonit */;
			targetProxy = 0CDAAD092A8A56B900520D8A /* PBXContainerItemProxy */;
		};
		0CDAAD142A8A56B900520D8A /* PBXTargetDependency */ = {
			isa = PBXTargetDependency;
			target = 0CDAACF62A8A56B600520D8A /* imonit */;
			targetProxy = 0CDAAD132A8A56B900520D8A /* PBXContainerItemProxy */;
		};
/* End PBXTargetDependency section */

/* Begin XCBuildConfiguration section */
		0CDAAD1A2A8A56B900520D8A /* Debug */ = {
			isa = XCBuildConfiguration;
			buildSettings = {
				ALWAYS_SEARCH_USER_PATHS = NO;
				ASSETCATALOG_COMPILER_GENERATE_SWIFT_ASSET_SYMBOL_EXTENSIONS = YES;
				CLANG_ANALYZER_NONNULL = YES;
				CLANG_ANALYZER_NUMBER_OBJECT_CONVERSION = YES_AGGRESSIVE;
				CLANG_CXX_LANGUAGE_STANDARD = "gnu++20";
				CLANG_ENABLE_MODULES = YES;
				CLANG_ENABLE_OBJC_ARC = YES;
				CLANG_ENABLE_OBJC_WEAK = YES;
				CLANG_WARN_BLOCK_CAPTURE_AUTORELEASING = YES;
				CLANG_WARN_BOOL_CONVERSION = YES;
				CLANG_WARN_COMMA = YES;
				CLANG_WARN_CONSTANT_CONVERSION = YES;
				CLANG_WARN_DEPRECATED_OBJC_IMPLEMENTATIONS = YES;
				CLANG_WARN_DIRECT_OBJC_ISA_USAGE = YES_ERROR;
				CLANG_WARN_DOCUMENTATION_COMMENTS = YES;
				CLANG_WARN_EMPTY_BODY = YES;
				CLANG_WARN_ENUM_CONVERSION = YES;
				CLANG_WARN_INFINITE_RECURSION = YES;
				CLANG_WARN_INT_CONVERSION = YES;
				CLANG_WARN_NON_LITERAL_NULL_CONVERSION = YES;
				CLANG_WARN_OBJC_IMPLICIT_RETAIN_SELF = YES;
				CLANG_WARN_OBJC_LITERAL_CONVERSION = YES;
				CLANG_WARN_OBJC_ROOT_CLASS = YES_ERROR;
				CLANG_WARN_QUOTED_INCLUDE_IN_FRAMEWORK_HEADER = YES;
				CLANG_WARN_RANGE_LOOP_ANALYSIS = YES;
				CLANG_WARN_STRICT_PROTOTYPES = YES;
				CLANG_WARN_SUSPICIOUS_MOVE = YES;
				CLANG_WARN_UNGUARDED_AVAILABILITY = YES_AGGRESSIVE;
				CLANG_WARN_UNREACHABLE_CODE = YES;
				CLANG_WARN__DUPLICATE_METHOD_MATCH = YES;
				COPY_PHASE_STRIP = NO;
				DEBUG_INFORMATION_FORMAT = dwarf;
				ENABLE_STRICT_OBJC_MSGSEND = YES;
				ENABLE_TESTABILITY = YES;
				ENABLE_USER_SCRIPT_SANDBOXING = YES;
				GCC_C_LANGUAGE_STANDARD = gnu17;
				GCC_DYNAMIC_NO_PIC = NO;
				GCC_NO_COMMON_BLOCKS = YES;
				GCC_OPTIMIZATION_LEVEL = 0;
				GCC_PREPROCESSOR_DEFINITIONS = (
					"DEBUG=1",
					"$(inherited)",
				);
				GCC_WARN_64_TO_32_BIT_CONVERSION = YES;
				GCC_WARN_ABOUT_RETURN_TYPE = YES_ERROR;
				GCC_WARN_UNDECLARED_SELECTOR = YES;
				GCC_WARN_UNINITIALIZED_AUTOS = YES_AGGRESSIVE;
				GCC_WARN_UNUSED_FUNCTION = YES;
				GCC_WARN_UNUSED_VARIABLE = YES;
				IPHONEOS_DEPLOYMENT_TARGET = 17.0;
				LOCALIZATION_PREFERS_STRING_CATALOGS = YES;
				MACOSX_DEPLOYMENT_TARGET = 14.0;
				MTL_ENABLE_DEBUG_INFO = INCLUDE_SOURCE;
				MTL_FAST_MATH = YES;
				ONLY_ACTIVE_ARCH = YES;
				SWIFT_ACTIVE_COMPILATION_CONDITIONS = "DEBUG $(inherited)";
				SWIFT_OPTIMIZATION_LEVEL = "-Onone";
			};
			name = Debug;
		};
		0CDAAD1B2A8A56B900520D8A /* Release */ = {
			isa = XCBuildConfiguration;
			buildSettings = {
				ALWAYS_SEARCH_USER_PATHS = NO;
				ASSETCATALOG_COMPILER_GENERATE_SWIFT_ASSET_SYMBOL_EXTENSIONS = YES;
				CLANG_ANALYZER_NONNULL = YES;
				CLANG_ANALYZER_NUMBER_OBJECT_CONVERSION = YES_AGGRESSIVE;
				CLANG_CXX_LANGUAGE_STANDARD = "gnu++20";
				CLANG_ENABLE_MODULES = YES;
				CLANG_ENABLE_OBJC_ARC = YES;
				CLANG_ENABLE_OBJC_WEAK = YES;
				CLANG_WARN_BLOCK_CAPTURE_AUTORELEASING = YES;
				CLANG_WARN_BOOL_CONVERSION = YES;
				CLANG_WARN_COMMA = YES;
				CLANG_WARN_CONSTANT_CONVERSION = YES;
				CLANG_WARN_DEPRECATED_OBJC_IMPLEMENTATIONS = YES;
				CLANG_WARN_DIRECT_OBJC_ISA_USAGE = YES_ERROR;
				CLANG_WARN_DOCUMENTATION_COMMENTS = YES;
				CLANG_WARN_EMPTY_BODY = YES;
				CLANG_WARN_ENUM_CONVERSION = YES;
				CLANG_WARN_INFINITE_RECURSION = YES;
				CLANG_WARN_INT_CONVERSION = YES;
				CLANG_WARN_NON_LITERAL_NULL_CONVERSION = YES;
				CLANG_WARN_OBJC_IMPLICIT_RETAIN_SELF = YES;
				CLANG_WARN_OBJC_LITERAL_CONVERSION = YES;
				CLANG_WARN_OBJC_ROOT_CLASS = YES_ERROR;
				CLANG_WARN_QUOTED_INCLUDE_IN_FRAMEWORK_HEADER = YES;
				CLANG_WARN_RANGE_LOOP_ANALYSIS = YES;
				CLANG_WARN_STRICT_PROTOTYPES = YES;
				CLANG_WARN_SUSPICIOUS_MOVE = YES;
				CLANG_WARN_UNGUARDED_AVAILABILITY = YES_AGGRESSIVE;
				CLANG_WARN_UNREACHABLE_CODE = YES;
				CLANG_WARN__DUPLICATE_METHOD_MATCH = YES;
				COPY_PHASE_STRIP = NO;
				DEBUG_INFORMATION_FORMAT = "dwarf-with-dsym";
				ENABLE_NS_ASSERTIONS = NO;
				ENABLE_STRICT_OBJC_MSGSEND = YES;
				ENABLE_USER_SCRIPT_SANDBOXING = YES;
				GCC_C_LANGUAGE_STANDARD = gnu17;
				GCC_NO_COMMON_BLOCKS = YES;
				GCC_WARN_64_TO_32_BIT_CONVERSION = YES;
				GCC_WARN_ABOUT_RETURN_TYPE = YES_ERROR;
				GCC_WARN_UNDECLARED_SELECTOR = YES;
				GCC_WARN_UNINITIALIZED_AUTOS = YES_AGGRESSIVE;
				GCC_WARN_UNUSED_FUNCTION = YES;
				GCC_WARN_UNUSED_VARIABLE = YES;
				IPHONEOS_DEPLOYMENT_TARGET = 17.0;
				LOCALIZATION_PREFERS_STRING_CATALOGS = YES;
				MACOSX_DEPLOYMENT_TARGET = 14.0;
				MTL_ENABLE_DEBUG_INFO = NO;
				MTL_FAST_MATH = YES;
				SWIFT_COMPILATION_MODE = wholemodule;
			};
			name = Release;
		};
		0CDAAD1D2A8A56B900520D8A /* Debug */ = {
			isa = XCBuildConfiguration;
			buildSettings = {
				ASSETCATALOG_COMPILER_APPICON_NAME = AppIcon;
				ASSETCATALOG_COMPILER_GLOBAL_ACCENT_COLOR_NAME = AccentColor;
				CODE_SIGN_ENTITLEMENTS = imonit/imonit.entitlements;
				"CODE_SIGN_IDENTITY[sdk=macosx*]" = "-";
				CODE_SIGN_STYLE = Automatic;
				CURRENT_PROJECT_VERSION = 1;
				DEVELOPMENT_ASSET_PATHS = "\"imonit/Preview Content\"";
				DEVELOPMENT_TEAM = 38MT9LSMPC;
				ENABLE_PREVIEWS = YES;
				GENERATE_INFOPLIST_FILE = YES;
				"INFOPLIST_KEY_UIApplicationSceneManifest_Generation[sdk=iphoneos*]" = YES;
				"INFOPLIST_KEY_UIApplicationSceneManifest_Generation[sdk=iphonesimulator*]" = YES;
				"INFOPLIST_KEY_UIApplicationSupportsIndirectInputEvents[sdk=iphoneos*]" = YES;
				"INFOPLIST_KEY_UIApplicationSupportsIndirectInputEvents[sdk=iphonesimulator*]" = YES;
				"INFOPLIST_KEY_UILaunchScreen_Generation[sdk=iphoneos*]" = YES;
				"INFOPLIST_KEY_UILaunchScreen_Generation[sdk=iphonesimulator*]" = YES;
				"INFOPLIST_KEY_UIStatusBarStyle[sdk=iphoneos*]" = UIStatusBarStyleDefault;
				"INFOPLIST_KEY_UIStatusBarStyle[sdk=iphonesimulator*]" = UIStatusBarStyleDefault;
				INFOPLIST_KEY_UISupportedInterfaceOrientations_iPad = "UIInterfaceOrientationPortrait UIInterfaceOrientationPortraitUpsideDown UIInterfaceOrientationLandscapeLeft UIInterfaceOrientationLandscapeRight";
				INFOPLIST_KEY_UISupportedInterfaceOrientations_iPhone = "UIInterfaceOrientationPortrait UIInterfaceOrientationLandscapeLeft UIInterfaceOrientationLandscapeRight";
				IPHONEOS_DEPLOYMENT_TARGET = 17.0;
				LD_RUNPATH_SEARCH_PATHS = "@executable_path/Frameworks";
				"LD_RUNPATH_SEARCH_PATHS[sdk=macosx*]" = "@executable_path/../Frameworks";
				MACOSX_DEPLOYMENT_TARGET = 13.4;
				MARKETING_VERSION = 1.0;
				PRODUCT_BUNDLE_IDENTIFIER = tsonobe.imonit;
				PRODUCT_NAME = "$(TARGET_NAME)";
				SDKROOT = auto;
				SUPPORTED_PLATFORMS = "iphoneos iphonesimulator macosx";
				SWIFT_EMIT_LOC_STRINGS = YES;
				SWIFT_VERSION = 5.0;
				TARGETED_DEVICE_FAMILY = "1,2";
			};
			name = Debug;
		};
		0CDAAD1E2A8A56B900520D8A /* Release */ = {
			isa = XCBuildConfiguration;
			buildSettings = {
				ASSETCATALOG_COMPILER_APPICON_NAME = AppIcon;
				ASSETCATALOG_COMPILER_GLOBAL_ACCENT_COLOR_NAME = AccentColor;
				CODE_SIGN_ENTITLEMENTS = imonit/imonit.entitlements;
				"CODE_SIGN_IDENTITY[sdk=macosx*]" = "-";
				CODE_SIGN_STYLE = Automatic;
				CURRENT_PROJECT_VERSION = 1;
				DEVELOPMENT_ASSET_PATHS = "\"imonit/Preview Content\"";
				DEVELOPMENT_TEAM = 38MT9LSMPC;
				ENABLE_PREVIEWS = YES;
				GENERATE_INFOPLIST_FILE = YES;
				"INFOPLIST_KEY_UIApplicationSceneManifest_Generation[sdk=iphoneos*]" = YES;
				"INFOPLIST_KEY_UIApplicationSceneManifest_Generation[sdk=iphonesimulator*]" = YES;
				"INFOPLIST_KEY_UIApplicationSupportsIndirectInputEvents[sdk=iphoneos*]" = YES;
				"INFOPLIST_KEY_UIApplicationSupportsIndirectInputEvents[sdk=iphonesimulator*]" = YES;
				"INFOPLIST_KEY_UILaunchScreen_Generation[sdk=iphoneos*]" = YES;
				"INFOPLIST_KEY_UILaunchScreen_Generation[sdk=iphonesimulator*]" = YES;
				"INFOPLIST_KEY_UIStatusBarStyle[sdk=iphoneos*]" = UIStatusBarStyleDefault;
				"INFOPLIST_KEY_UIStatusBarStyle[sdk=iphonesimulator*]" = UIStatusBarStyleDefault;
				INFOPLIST_KEY_UISupportedInterfaceOrientations_iPad = "UIInterfaceOrientationPortrait UIInterfaceOrientationPortraitUpsideDown UIInterfaceOrientationLandscapeLeft UIInterfaceOrientationLandscapeRight";
				INFOPLIST_KEY_UISupportedInterfaceOrientations_iPhone = "UIInterfaceOrientationPortrait UIInterfaceOrientationLandscapeLeft UIInterfaceOrientationLandscapeRight";
				IPHONEOS_DEPLOYMENT_TARGET = 17.0;
				LD_RUNPATH_SEARCH_PATHS = "@executable_path/Frameworks";
				"LD_RUNPATH_SEARCH_PATHS[sdk=macosx*]" = "@executable_path/../Frameworks";
				MACOSX_DEPLOYMENT_TARGET = 13.4;
				MARKETING_VERSION = 1.0;
				PRODUCT_BUNDLE_IDENTIFIER = tsonobe.imonit;
				PRODUCT_NAME = "$(TARGET_NAME)";
				SDKROOT = auto;
				SUPPORTED_PLATFORMS = "iphoneos iphonesimulator macosx";
				SWIFT_EMIT_LOC_STRINGS = YES;
				SWIFT_VERSION = 5.0;
				TARGETED_DEVICE_FAMILY = "1,2";
			};
			name = Release;
		};
		0CDAAD202A8A56B900520D8A /* Debug */ = {
			isa = XCBuildConfiguration;
			buildSettings = {
				ALWAYS_EMBED_SWIFT_STANDARD_LIBRARIES = YES;
				BUNDLE_LOADER = "$(TEST_HOST)";
				CODE_SIGN_STYLE = Automatic;
				CURRENT_PROJECT_VERSION = 1;
				DEVELOPMENT_TEAM = 38MT9LSMPC;
				GENERATE_INFOPLIST_FILE = YES;
				IPHONEOS_DEPLOYMENT_TARGET = 17.0;
				MACOSX_DEPLOYMENT_TARGET = 13.4;
				MARKETING_VERSION = 1.0;
				PRODUCT_BUNDLE_IDENTIFIER = tsonobe.imonitTests;
				PRODUCT_NAME = "$(TARGET_NAME)";
				SDKROOT = auto;
				SUPPORTED_PLATFORMS = "iphoneos iphonesimulator macosx";
				SWIFT_EMIT_LOC_STRINGS = NO;
				SWIFT_VERSION = 5.0;
				TARGETED_DEVICE_FAMILY = "1,2";
				TEST_HOST = "$(BUILT_PRODUCTS_DIR)/imonit.app/$(BUNDLE_EXECUTABLE_FOLDER_PATH)/imonit";
			};
			name = Debug;
		};
		0CDAAD212A8A56B900520D8A /* Release */ = {
			isa = XCBuildConfiguration;
			buildSettings = {
				ALWAYS_EMBED_SWIFT_STANDARD_LIBRARIES = YES;
				BUNDLE_LOADER = "$(TEST_HOST)";
				CODE_SIGN_STYLE = Automatic;
				CURRENT_PROJECT_VERSION = 1;
				DEVELOPMENT_TEAM = 38MT9LSMPC;
				GENERATE_INFOPLIST_FILE = YES;
				IPHONEOS_DEPLOYMENT_TARGET = 17.0;
				MACOSX_DEPLOYMENT_TARGET = 13.4;
				MARKETING_VERSION = 1.0;
				PRODUCT_BUNDLE_IDENTIFIER = tsonobe.imonitTests;
				PRODUCT_NAME = "$(TARGET_NAME)";
				SDKROOT = auto;
				SUPPORTED_PLATFORMS = "iphoneos iphonesimulator macosx";
				SWIFT_EMIT_LOC_STRINGS = NO;
				SWIFT_VERSION = 5.0;
				TARGETED_DEVICE_FAMILY = "1,2";
				TEST_HOST = "$(BUILT_PRODUCTS_DIR)/imonit.app/$(BUNDLE_EXECUTABLE_FOLDER_PATH)/imonit";
			};
			name = Release;
		};
		0CDAAD232A8A56B900520D8A /* Debug */ = {
			isa = XCBuildConfiguration;
			buildSettings = {
				ALWAYS_EMBED_SWIFT_STANDARD_LIBRARIES = YES;
				CODE_SIGN_STYLE = Automatic;
				CURRENT_PROJECT_VERSION = 1;
				DEVELOPMENT_TEAM = 38MT9LSMPC;
				GENERATE_INFOPLIST_FILE = YES;
				IPHONEOS_DEPLOYMENT_TARGET = 17.0;
				MACOSX_DEPLOYMENT_TARGET = 13.4;
				MARKETING_VERSION = 1.0;
				PRODUCT_BUNDLE_IDENTIFIER = tsonobe.imonitUITests;
				PRODUCT_NAME = "$(TARGET_NAME)";
				SDKROOT = auto;
				SUPPORTED_PLATFORMS = "iphoneos iphonesimulator macosx";
				SWIFT_EMIT_LOC_STRINGS = NO;
				SWIFT_VERSION = 5.0;
				TARGETED_DEVICE_FAMILY = "1,2";
				TEST_TARGET_NAME = imonit;
			};
			name = Debug;
		};
		0CDAAD242A8A56B900520D8A /* Release */ = {
			isa = XCBuildConfiguration;
			buildSettings = {
				ALWAYS_EMBED_SWIFT_STANDARD_LIBRARIES = YES;
				CODE_SIGN_STYLE = Automatic;
				CURRENT_PROJECT_VERSION = 1;
				DEVELOPMENT_TEAM = 38MT9LSMPC;
				GENERATE_INFOPLIST_FILE = YES;
				IPHONEOS_DEPLOYMENT_TARGET = 17.0;
				MACOSX_DEPLOYMENT_TARGET = 13.4;
				MARKETING_VERSION = 1.0;
				PRODUCT_BUNDLE_IDENTIFIER = tsonobe.imonitUITests;
				PRODUCT_NAME = "$(TARGET_NAME)";
				SDKROOT = auto;
				SUPPORTED_PLATFORMS = "iphoneos iphonesimulator macosx";
				SWIFT_EMIT_LOC_STRINGS = NO;
				SWIFT_VERSION = 5.0;
				TARGETED_DEVICE_FAMILY = "1,2";
				TEST_TARGET_NAME = imonit;
			};
			name = Release;
		};
/* End XCBuildConfiguration section */

/* Begin XCConfigurationList section */
		0CDAACF22A8A56B600520D8A /* Build configuration list for PBXProject "imonit" */ = {
			isa = XCConfigurationList;
			buildConfigurations = (
				0CDAAD1A2A8A56B900520D8A /* Debug */,
				0CDAAD1B2A8A56B900520D8A /* Release */,
			);
			defaultConfigurationIsVisible = 0;
			defaultConfigurationName = Release;
		};
		0CDAAD1C2A8A56B900520D8A /* Build configuration list for PBXNativeTarget "imonit" */ = {
			isa = XCConfigurationList;
			buildConfigurations = (
				0CDAAD1D2A8A56B900520D8A /* Debug */,
				0CDAAD1E2A8A56B900520D8A /* Release */,
			);
			defaultConfigurationIsVisible = 0;
			defaultConfigurationName = Release;
		};
		0CDAAD1F2A8A56B900520D8A /* Build configuration list for PBXNativeTarget "imonitTests" */ = {
			isa = XCConfigurationList;
			buildConfigurations = (
				0CDAAD202A8A56B900520D8A /* Debug */,
				0CDAAD212A8A56B900520D8A /* Release */,
			);
			defaultConfigurationIsVisible = 0;
			defaultConfigurationName = Release;
		};
		0CDAAD222A8A56B900520D8A /* Build configuration list for PBXNativeTarget "imonitUITests" */ = {
			isa = XCConfigurationList;
			buildConfigurations = (
				0CDAAD232A8A56B900520D8A /* Debug */,
				0CDAAD242A8A56B900520D8A /* Release */,
			);
			defaultConfigurationIsVisible = 0;
			defaultConfigurationName = Release;
		};
/* End XCConfigurationList section */
	};
	rootObject = 0CDAACEF2A8A56B600520D8A /* Project object */;
}
